// !$*UTF8*$!
{
	archiveVersion = 1;
	classes = {
	};
	objectVersion = 50;
	objects = {

/* Begin PBXBuildFile section */
		00B391865972FB1563352F6A /* ShowComicRouterTests.swift in Sources */ = {isa = PBXBuildFile; fileRef = F2594BF0328725A0A3B54A5E /* ShowComicRouterTests.swift */; };
		01A09DF523FA57F300701B69 /* ShowComicViewController.xib in Resources */ = {isa = PBXBuildFile; fileRef = 01A09DF423FA57F300701B69 /* ShowComicViewController.xib */; };
		01A09E3423FD061600701B69 /* AppDependencies.swift in Sources */ = {isa = PBXBuildFile; fileRef = 01A09E3323FD061600701B69 /* AppDependencies.swift */; };
		01A9D52823798AA000D61EAA /* AppDelegate.swift in Sources */ = {isa = PBXBuildFile; fileRef = 01A9D52723798AA000D61EAA /* AppDelegate.swift */; };
		01A9D52A23798AA000D61EAA /* SceneDelegate.swift in Sources */ = {isa = PBXBuildFile; fileRef = 01A9D52923798AA000D61EAA /* SceneDelegate.swift */; };
		01A9D52D23798AA000D61EAA /* ComicRating.xcdatamodeld in Sources */ = {isa = PBXBuildFile; fileRef = 01A9D52B23798AA000D61EAA /* ComicRating.xcdatamodeld */; };
		01A9D53123798AA200D61EAA /* Assets.xcassets in Resources */ = {isa = PBXBuildFile; fileRef = 01A9D53023798AA200D61EAA /* Assets.xcassets */; };
		01A9D53423798AA200D61EAA /* Preview Assets.xcassets in Resources */ = {isa = PBXBuildFile; fileRef = 01A9D53323798AA200D61EAA /* Preview Assets.xcassets */; };
		01A9D53723798AA200D61EAA /* LaunchScreen.storyboard in Resources */ = {isa = PBXBuildFile; fileRef = 01A9D53523798AA200D61EAA /* LaunchScreen.storyboard */; };
		01A9D54D23798AA200D61EAA /* ComicRatingUITests.swift in Sources */ = {isa = PBXBuildFile; fileRef = 01A9D54C23798AA200D61EAA /* ComicRatingUITests.swift */; };
		12C8A2E0F54FF7BA1FB557DF /* ShowComicModuleInput.swift in Sources */ = {isa = PBXBuildFile; fileRef = 16575DAA27CAD1D752A8D00D /* ShowComicModuleInput.swift */; };
		1AE93DAB9A508134D72E4265 /* ShowComicInteractor.swift in Sources */ = {isa = PBXBuildFile; fileRef = 7E787592793E414843E018CA /* ShowComicInteractor.swift */; };
		1C5084DF04B455194CF85AB2 /* ShowComicRouter.swift in Sources */ = {isa = PBXBuildFile; fileRef = 35B29A8A47FEBC1F2215CE73 /* ShowComicRouter.swift */; };
		217F185E957EC725A529CDCD /* ShowComicInteractorInput.swift in Sources */ = {isa = PBXBuildFile; fileRef = 83F8DFFF78B6E99DD03E8638 /* ShowComicInteractorInput.swift */; };
		23F3F3E9C7E60186FCD486FC /* ShowComicInitializer.swift in Sources */ = {isa = PBXBuildFile; fileRef = ACEAF913B907219F674CD80A /* ShowComicInitializer.swift */; };
		26AF338388489A1A6200EC67 /* ShowComicConfiguratorTests.swift in Sources */ = {isa = PBXBuildFile; fileRef = 5EFA6D4F60391AE1C00D2FEE /* ShowComicConfiguratorTests.swift */; };
		3BF0A7F1AC4E36D2FD005F72 /* ShowComicViewTests.swift in Sources */ = {isa = PBXBuildFile; fileRef = 9E4738D5E28CCEA55E426A6C /* ShowComicViewTests.swift */; };
		452ADCC2EB8FC00879FA86F1 /* ShowComicPresenter.swift in Sources */ = {isa = PBXBuildFile; fileRef = 223EC06D5A87DEF7C60158F8 /* ShowComicPresenter.swift */; };
		4E21EBFCB751BE53A27EE229 /* ShowComicViewInput.swift in Sources */ = {isa = PBXBuildFile; fileRef = F779B12A0A466A604EC822E0 /* ShowComicViewInput.swift */; };
		5A355E3D40A16C8288A7544D /* ShowComicRouterInput.swift in Sources */ = {isa = PBXBuildFile; fileRef = 753789C1E6ACA82869584F34 /* ShowComicRouterInput.swift */; };
		959DAB16F6B556756F290CD8 /* ShowComicViewController.swift in Sources */ = {isa = PBXBuildFile; fileRef = 40257C734D1AA94A236548B9 /* ShowComicViewController.swift */; };
		A1BE654D759C7E9A827DE0BD /* ShowComicInteractorTests.swift in Sources */ = {isa = PBXBuildFile; fileRef = 899AAB58DF92C128152DE41B /* ShowComicInteractorTests.swift */; };
		A3AC4234105BFEAC19F5676F /* ShowComicViewOutput.swift in Sources */ = {isa = PBXBuildFile; fileRef = CCBA999EE37C8C1932FC58DB /* ShowComicViewOutput.swift */; };
		AF861B15D4AC0CC619E4B653 /* ShowComicInteractorOutput.swift in Sources */ = {isa = PBXBuildFile; fileRef = 3EB155CDBA134161EA2E91B9 /* ShowComicInteractorOutput.swift */; };
		BDEA67974411B0D2749A66B9 /* ShowComicPresenterTests.swift in Sources */ = {isa = PBXBuildFile; fileRef = DFBA45636D20E60306A85EC3 /* ShowComicPresenterTests.swift */; };
		EC8E052AFDC5943531AE84E3 /* ShowComicConfigurator.swift in Sources */ = {isa = PBXBuildFile; fileRef = C9B28766B773AAFC185417CB /* ShowComicConfigurator.swift */; };
/* End PBXBuildFile section */

/* Begin PBXContainerItemProxy section */
		01A9D53E23798AA200D61EAA /* PBXContainerItemProxy */ = {
			isa = PBXContainerItemProxy;
			containerPortal = 01A9D51C23798AA000D61EAA /* Project object */;
			proxyType = 1;
			remoteGlobalIDString = 01A9D52323798AA000D61EAA;
			remoteInfo = ComicRating;
		};
		01A9D54923798AA200D61EAA /* PBXContainerItemProxy */ = {
			isa = PBXContainerItemProxy;
			containerPortal = 01A9D51C23798AA000D61EAA /* Project object */;
			proxyType = 1;
			remoteGlobalIDString = 01A9D52323798AA000D61EAA;
			remoteInfo = ComicRating;
		};
/* End PBXContainerItemProxy section */

/* Begin PBXFileReference section */
		01A09DF423FA57F300701B69 /* ShowComicViewController.xib */ = {isa = PBXFileReference; lastKnownFileType = file.xib; path = ShowComicViewController.xib; sourceTree = "<group>"; };
		01A09E3323FD061600701B69 /* AppDependencies.swift */ = {isa = PBXFileReference; lastKnownFileType = sourcecode.swift; name = AppDependencies.swift; path = Modules/AppDependencies.swift; sourceTree = "<group>"; };
		01A9D52423798AA000D61EAA /* ComicRating.app */ = {isa = PBXFileReference; explicitFileType = wrapper.application; includeInIndex = 0; path = ComicRating.app; sourceTree = BUILT_PRODUCTS_DIR; };
		01A9D52723798AA000D61EAA /* AppDelegate.swift */ = {isa = PBXFileReference; lastKnownFileType = sourcecode.swift; path = AppDelegate.swift; sourceTree = "<group>"; };
		01A9D52923798AA000D61EAA /* SceneDelegate.swift */ = {isa = PBXFileReference; lastKnownFileType = sourcecode.swift; path = SceneDelegate.swift; sourceTree = "<group>"; };
		01A9D52C23798AA000D61EAA /* ComicRating.xcdatamodel */ = {isa = PBXFileReference; lastKnownFileType = wrapper.xcdatamodel; path = ComicRating.xcdatamodel; sourceTree = "<group>"; };
		01A9D53023798AA200D61EAA /* Assets.xcassets */ = {isa = PBXFileReference; lastKnownFileType = folder.assetcatalog; path = Assets.xcassets; sourceTree = "<group>"; };
		01A9D53323798AA200D61EAA /* Preview Assets.xcassets */ = {isa = PBXFileReference; lastKnownFileType = folder.assetcatalog; path = "Preview Assets.xcassets"; sourceTree = "<group>"; };
		01A9D53623798AA200D61EAA /* Base */ = {isa = PBXFileReference; lastKnownFileType = file.storyboard; name = Base; path = Base.lproj/LaunchScreen.storyboard; sourceTree = "<group>"; };
		01A9D53823798AA200D61EAA /* Info.plist */ = {isa = PBXFileReference; lastKnownFileType = text.plist.xml; path = Info.plist; sourceTree = "<group>"; };
		01A9D53D23798AA200D61EAA /* ComicRatingTests.xctest */ = {isa = PBXFileReference; explicitFileType = wrapper.cfbundle; includeInIndex = 0; path = ComicRatingTests.xctest; sourceTree = BUILT_PRODUCTS_DIR; };
		01A9D54823798AA200D61EAA /* ComicRatingUITests.xctest */ = {isa = PBXFileReference; explicitFileType = wrapper.cfbundle; includeInIndex = 0; path = ComicRatingUITests.xctest; sourceTree = BUILT_PRODUCTS_DIR; };
		01A9D54C23798AA200D61EAA /* ComicRatingUITests.swift */ = {isa = PBXFileReference; lastKnownFileType = sourcecode.swift; path = ComicRatingUITests.swift; sourceTree = "<group>"; };
		01A9D54E23798AA200D61EAA /* Info.plist */ = {isa = PBXFileReference; lastKnownFileType = text.plist.xml; path = Info.plist; sourceTree = "<group>"; };
		16575DAA27CAD1D752A8D00D /* ShowComicModuleInput.swift */ = {isa = PBXFileReference; includeInIndex = 1; lastKnownFileType = sourcecode.swift; path = ShowComicModuleInput.swift; sourceTree = "<group>"; };
		223EC06D5A87DEF7C60158F8 /* ShowComicPresenter.swift */ = {isa = PBXFileReference; includeInIndex = 1; lastKnownFileType = sourcecode.swift; path = ShowComicPresenter.swift; sourceTree = "<group>"; };
		35B29A8A47FEBC1F2215CE73 /* ShowComicRouter.swift */ = {isa = PBXFileReference; includeInIndex = 1; lastKnownFileType = sourcecode.swift; path = ShowComicRouter.swift; sourceTree = "<group>"; };
		3EB155CDBA134161EA2E91B9 /* ShowComicInteractorOutput.swift */ = {isa = PBXFileReference; includeInIndex = 1; lastKnownFileType = sourcecode.swift; path = ShowComicInteractorOutput.swift; sourceTree = "<group>"; };
		40257C734D1AA94A236548B9 /* ShowComicViewController.swift */ = {isa = PBXFileReference; includeInIndex = 1; lastKnownFileType = sourcecode.swift; path = ShowComicViewController.swift; sourceTree = "<group>"; };
		5EFA6D4F60391AE1C00D2FEE /* ShowComicConfiguratorTests.swift */ = {isa = PBXFileReference; includeInIndex = 1; lastKnownFileType = sourcecode.swift; path = ShowComicConfiguratorTests.swift; sourceTree = "<group>"; };
		753789C1E6ACA82869584F34 /* ShowComicRouterInput.swift */ = {isa = PBXFileReference; includeInIndex = 1; lastKnownFileType = sourcecode.swift; path = ShowComicRouterInput.swift; sourceTree = "<group>"; };
		7E787592793E414843E018CA /* ShowComicInteractor.swift */ = {isa = PBXFileReference; includeInIndex = 1; lastKnownFileType = sourcecode.swift; path = ShowComicInteractor.swift; sourceTree = "<group>"; };
		83F8DFFF78B6E99DD03E8638 /* ShowComicInteractorInput.swift */ = {isa = PBXFileReference; includeInIndex = 1; lastKnownFileType = sourcecode.swift; path = ShowComicInteractorInput.swift; sourceTree = "<group>"; };
		899AAB58DF92C128152DE41B /* ShowComicInteractorTests.swift */ = {isa = PBXFileReference; includeInIndex = 1; lastKnownFileType = sourcecode.swift; path = ShowComicInteractorTests.swift; sourceTree = "<group>"; };
		9E4738D5E28CCEA55E426A6C /* ShowComicViewTests.swift */ = {isa = PBXFileReference; includeInIndex = 1; lastKnownFileType = sourcecode.swift; path = ShowComicViewTests.swift; sourceTree = "<group>"; };
		ACEAF913B907219F674CD80A /* ShowComicInitializer.swift */ = {isa = PBXFileReference; includeInIndex = 1; lastKnownFileType = sourcecode.swift; path = ShowComicInitializer.swift; sourceTree = "<group>"; };
		C9B28766B773AAFC185417CB /* ShowComicConfigurator.swift */ = {isa = PBXFileReference; includeInIndex = 1; lastKnownFileType = sourcecode.swift; path = ShowComicConfigurator.swift; sourceTree = "<group>"; };
		CCBA999EE37C8C1932FC58DB /* ShowComicViewOutput.swift */ = {isa = PBXFileReference; includeInIndex = 1; lastKnownFileType = sourcecode.swift; path = ShowComicViewOutput.swift; sourceTree = "<group>"; };
		DFBA45636D20E60306A85EC3 /* ShowComicPresenterTests.swift */ = {isa = PBXFileReference; includeInIndex = 1; lastKnownFileType = sourcecode.swift; path = ShowComicPresenterTests.swift; sourceTree = "<group>"; };
		F2594BF0328725A0A3B54A5E /* ShowComicRouterTests.swift */ = {isa = PBXFileReference; includeInIndex = 1; lastKnownFileType = sourcecode.swift; path = ShowComicRouterTests.swift; sourceTree = "<group>"; };
		F779B12A0A466A604EC822E0 /* ShowComicViewInput.swift */ = {isa = PBXFileReference; includeInIndex = 1; lastKnownFileType = sourcecode.swift; path = ShowComicViewInput.swift; sourceTree = "<group>"; };
/* End PBXFileReference section */

/* Begin PBXFrameworksBuildPhase section */
		01A9D52123798AA000D61EAA /* Frameworks */ = {
			isa = PBXFrameworksBuildPhase;
			buildActionMask = 2147483647;
			files = (
			);
			runOnlyForDeploymentPostprocessing = 0;
		};
		01A9D53A23798AA200D61EAA /* Frameworks */ = {
			isa = PBXFrameworksBuildPhase;
			buildActionMask = 2147483647;
			files = (
			);
			runOnlyForDeploymentPostprocessing = 0;
		};
		01A9D54523798AA200D61EAA /* Frameworks */ = {
			isa = PBXFrameworksBuildPhase;
			buildActionMask = 2147483647;
			files = (
			);
			runOnlyForDeploymentPostprocessing = 0;
		};
/* End PBXFrameworksBuildPhase section */

/* Begin PBXGroup section */
		01A09DEC23FA4D5200701B69 /* Modules */ = {
			isa = PBXGroup;
			children = (
				6EE56FCBE53EC56D3DF266B4 /* ShowComic */,
			);
			path = Modules;
			sourceTree = "<group>";
		};
		01A09DF023FA506300701B69 /* Modules */ = {
			isa = PBXGroup;
			children = (
				9CD3A6D666774029129C6D4F /* ShowComic */,
			);
			path = Modules;
			sourceTree = "<group>";
		};
		01A9D51B23798AA000D61EAA = {
			isa = PBXGroup;
			children = (
				01A9D52623798AA000D61EAA /* ComicRating */,
				01A9D54023798AA200D61EAA /* ComicRatingTests */,
				01A9D54B23798AA200D61EAA /* ComicRatingUITests */,
				01A9D52523798AA000D61EAA /* Products */,
			);
			sourceTree = "<group>";
		};
		01A9D52523798AA000D61EAA /* Products */ = {
			isa = PBXGroup;
			children = (
				01A9D52423798AA000D61EAA /* ComicRating.app */,
				01A9D53D23798AA200D61EAA /* ComicRatingTests.xctest */,
				01A9D54823798AA200D61EAA /* ComicRatingUITests.xctest */,
			);
			name = Products;
			sourceTree = "<group>";
		};
		01A9D52623798AA000D61EAA /* ComicRating */ = {
			isa = PBXGroup;
			children = (
				01A09DEC23FA4D5200701B69 /* Modules */,
				01A09E3323FD061600701B69 /* AppDependencies.swift */,
				01A9D52723798AA000D61EAA /* AppDelegate.swift */,
				01A9D52923798AA000D61EAA /* SceneDelegate.swift */,
				01A9D53023798AA200D61EAA /* Assets.xcassets */,
				01A9D53523798AA200D61EAA /* LaunchScreen.storyboard */,
				01A9D53823798AA200D61EAA /* Info.plist */,
				01A9D52B23798AA000D61EAA /* ComicRating.xcdatamodeld */,
				01A9D53223798AA200D61EAA /* Preview Content */,
			);
			path = ComicRating;
			sourceTree = "<group>";
		};
		01A9D53223798AA200D61EAA /* Preview Content */ = {
			isa = PBXGroup;
			children = (
				01A9D53323798AA200D61EAA /* Preview Assets.xcassets */,
			);
			path = "Preview Content";
			sourceTree = "<group>";
		};
		01A9D54023798AA200D61EAA /* ComicRatingTests */ = {
			isa = PBXGroup;
			children = (
				01A09DF023FA506300701B69 /* Modules */,
			);
			path = ComicRatingTests;
			sourceTree = "<group>";
		};
		01A9D54B23798AA200D61EAA /* ComicRatingUITests */ = {
			isa = PBXGroup;
			children = (
				01A9D54C23798AA200D61EAA /* ComicRatingUITests.swift */,
				01A9D54E23798AA200D61EAA /* Info.plist */,
			);
			path = ComicRatingUITests;
			sourceTree = "<group>";
		};
		20B0478A70798CF99E29435C /* Interactor */ = {
			isa = PBXGroup;
			children = (
				899AAB58DF92C128152DE41B /* ShowComicInteractorTests.swift */,
			);
			path = Interactor;
			sourceTree = "<group>";
		};
		6EE56FCBE53EC56D3DF266B4 /* ShowComic */ = {
			isa = PBXGroup;
			children = (
				A8A2136FAF2E3A7B5EDB4D29 /* View */,
				9890E0CCE24EDEB838C7A32A /* Presenter */,
				96DFB8594FFDADFECEE9A5CB /* Interactor */,
				C9F91E51823921FEEC0902D9 /* Router */,
				BEA7AA34E0A9A034719C2EE3 /* Configurator */,
			);
			path = ShowComic;
			sourceTree = "<group>";
		};
		8F4CA0F2A30E5C5890423FC0 /* Presenter */ = {
			isa = PBXGroup;
			children = (
				DFBA45636D20E60306A85EC3 /* ShowComicPresenterTests.swift */,
			);
			path = Presenter;
			sourceTree = "<group>";
		};
		96DFB8594FFDADFECEE9A5CB /* Interactor */ = {
			isa = PBXGroup;
			children = (
				83F8DFFF78B6E99DD03E8638 /* ShowComicInteractorInput.swift */,
				3EB155CDBA134161EA2E91B9 /* ShowComicInteractorOutput.swift */,
				7E787592793E414843E018CA /* ShowComicInteractor.swift */,
			);
			path = Interactor;
			sourceTree = "<group>";
		};
		9890E0CCE24EDEB838C7A32A /* Presenter */ = {
			isa = PBXGroup;
			children = (
				16575DAA27CAD1D752A8D00D /* ShowComicModuleInput.swift */,
				223EC06D5A87DEF7C60158F8 /* ShowComicPresenter.swift */,
			);
			path = Presenter;
			sourceTree = "<group>";
		};
		9942A276C69FE9E7C2768DDC /* View */ = {
			isa = PBXGroup;
			children = (
				9E4738D5E28CCEA55E426A6C /* ShowComicViewTests.swift */,
			);
			path = View;
			sourceTree = "<group>";
		};
		9CD3A6D666774029129C6D4F /* ShowComic */ = {
			isa = PBXGroup;
			children = (
				B398F8BC5A31E970C1FB2C73 /* Configurator */,
				9942A276C69FE9E7C2768DDC /* View */,
				20B0478A70798CF99E29435C /* Interactor */,
				8F4CA0F2A30E5C5890423FC0 /* Presenter */,
				EB73B2CB9DA44220EB9AB363 /* Router */,
			);
			path = ShowComic;
			sourceTree = "<group>";
		};
		A8A2136FAF2E3A7B5EDB4D29 /* View */ = {
			isa = PBXGroup;
			children = (
				F779B12A0A466A604EC822E0 /* ShowComicViewInput.swift */,
				CCBA999EE37C8C1932FC58DB /* ShowComicViewOutput.swift */,
				40257C734D1AA94A236548B9 /* ShowComicViewController.swift */,
				01A09DF423FA57F300701B69 /* ShowComicViewController.xib */,
			);
			path = View;
			sourceTree = "<group>";
		};
		B398F8BC5A31E970C1FB2C73 /* Configurator */ = {
			isa = PBXGroup;
			children = (
				5EFA6D4F60391AE1C00D2FEE /* ShowComicConfiguratorTests.swift */,
			);
			path = Configurator;
			sourceTree = "<group>";
		};
		BEA7AA34E0A9A034719C2EE3 /* Configurator */ = {
			isa = PBXGroup;
			children = (
				C9B28766B773AAFC185417CB /* ShowComicConfigurator.swift */,
				ACEAF913B907219F674CD80A /* ShowComicInitializer.swift */,
			);
			path = Configurator;
			sourceTree = "<group>";
		};
		C9F91E51823921FEEC0902D9 /* Router */ = {
			isa = PBXGroup;
			children = (
				753789C1E6ACA82869584F34 /* ShowComicRouterInput.swift */,
				35B29A8A47FEBC1F2215CE73 /* ShowComicRouter.swift */,
			);
			path = Router;
			sourceTree = "<group>";
		};
		EB73B2CB9DA44220EB9AB363 /* Router */ = {
			isa = PBXGroup;
			children = (
				F2594BF0328725A0A3B54A5E /* ShowComicRouterTests.swift */,
			);
			path = Router;
			sourceTree = "<group>";
		};
/* End PBXGroup section */

/* Begin PBXNativeTarget section */
		01A9D52323798AA000D61EAA /* ComicRating */ = {
			isa = PBXNativeTarget;
			buildConfigurationList = 01A9D55123798AA200D61EAA /* Build configuration list for PBXNativeTarget "ComicRating" */;
			buildPhases = (
				01A9D52023798AA000D61EAA /* Sources */,
				01A9D52123798AA000D61EAA /* Frameworks */,
				01A9D52223798AA000D61EAA /* Resources */,
			);
			buildRules = (
			);
			dependencies = (
			);
			name = ComicRating;
			productName = ComicRating;
			productReference = 01A9D52423798AA000D61EAA /* ComicRating.app */;
			productType = "com.apple.product-type.application";
		};
		01A9D53C23798AA200D61EAA /* ComicRatingTests */ = {
			isa = PBXNativeTarget;
			buildConfigurationList = 01A9D55423798AA200D61EAA /* Build configuration list for PBXNativeTarget "ComicRatingTests" */;
			buildPhases = (
				01A9D53923798AA200D61EAA /* Sources */,
				01A9D53A23798AA200D61EAA /* Frameworks */,
				01A9D53B23798AA200D61EAA /* Resources */,
			);
			buildRules = (
			);
			dependencies = (
				01A9D53F23798AA200D61EAA /* PBXTargetDependency */,
			);
			name = ComicRatingTests;
			productName = ComicRatingTests;
			productReference = 01A9D53D23798AA200D61EAA /* ComicRatingTests.xctest */;
			productType = "com.apple.product-type.bundle.unit-test";
		};
		01A9D54723798AA200D61EAA /* ComicRatingUITests */ = {
			isa = PBXNativeTarget;
			buildConfigurationList = 01A9D55723798AA200D61EAA /* Build configuration list for PBXNativeTarget "ComicRatingUITests" */;
			buildPhases = (
				01A9D54423798AA200D61EAA /* Sources */,
				01A9D54523798AA200D61EAA /* Frameworks */,
				01A9D54623798AA200D61EAA /* Resources */,
			);
			buildRules = (
			);
			dependencies = (
				01A9D54A23798AA200D61EAA /* PBXTargetDependency */,
			);
			name = ComicRatingUITests;
			productName = ComicRatingUITests;
			productReference = 01A9D54823798AA200D61EAA /* ComicRatingUITests.xctest */;
			productType = "com.apple.product-type.bundle.ui-testing";
		};
/* End PBXNativeTarget section */

/* Begin PBXProject section */
		01A9D51C23798AA000D61EAA /* Project object */ = {
			isa = PBXProject;
			attributes = {
				LastSwiftUpdateCheck = 1120;
				LastUpgradeCheck = 1120;
				ORGANIZATIONNAME = "Adriana Pineda";
				TargetAttributes = {
					01A9D52323798AA000D61EAA = {
						CreatedOnToolsVersion = 11.2;
					};
					01A9D53C23798AA200D61EAA = {
						CreatedOnToolsVersion = 11.2;
						TestTargetID = 01A9D52323798AA000D61EAA;
					};
					01A9D54723798AA200D61EAA = {
						CreatedOnToolsVersion = 11.2;
						TestTargetID = 01A9D52323798AA000D61EAA;
					};
				};
			};
			buildConfigurationList = 01A9D51F23798AA000D61EAA /* Build configuration list for PBXProject "ComicRating" */;
			compatibilityVersion = "Xcode 9.3";
			developmentRegion = en;
			hasScannedForEncodings = 0;
			knownRegions = (
				en,
				Base,
			);
			mainGroup = 01A9D51B23798AA000D61EAA;
			productRefGroup = 01A9D52523798AA000D61EAA /* Products */;
			projectDirPath = "";
			projectRoot = "";
			targets = (
				01A9D52323798AA000D61EAA /* ComicRating */,
				01A9D53C23798AA200D61EAA /* ComicRatingTests */,
				01A9D54723798AA200D61EAA /* ComicRatingUITests */,
			);
		};
/* End PBXProject section */

/* Begin PBXResourcesBuildPhase section */
		01A9D52223798AA000D61EAA /* Resources */ = {
			isa = PBXResourcesBuildPhase;
			buildActionMask = 2147483647;
			files = (
				01A9D53723798AA200D61EAA /* LaunchScreen.storyboard in Resources */,
				01A9D53423798AA200D61EAA /* Preview Assets.xcassets in Resources */,
				01A9D53123798AA200D61EAA /* Assets.xcassets in Resources */,
				01A09DF523FA57F300701B69 /* ShowComicViewController.xib in Resources */,
			);
			runOnlyForDeploymentPostprocessing = 0;
		};
		01A9D53B23798AA200D61EAA /* Resources */ = {
			isa = PBXResourcesBuildPhase;
			buildActionMask = 2147483647;
			files = (
			);
			runOnlyForDeploymentPostprocessing = 0;
		};
		01A9D54623798AA200D61EAA /* Resources */ = {
			isa = PBXResourcesBuildPhase;
			buildActionMask = 2147483647;
			files = (
			);
			runOnlyForDeploymentPostprocessing = 0;
		};
/* End PBXResourcesBuildPhase section */

/* Begin PBXSourcesBuildPhase section */
		01A9D52023798AA000D61EAA /* Sources */ = {
			isa = PBXSourcesBuildPhase;
			buildActionMask = 2147483647;
			files = (
				01A9D52D23798AA000D61EAA /* ComicRating.xcdatamodeld in Sources */,
				01A9D52823798AA000D61EAA /* AppDelegate.swift in Sources */,
				01A9D52A23798AA000D61EAA /* SceneDelegate.swift in Sources */,
				4E21EBFCB751BE53A27EE229 /* ShowComicViewInput.swift in Sources */,
				A3AC4234105BFEAC19F5676F /* ShowComicViewOutput.swift in Sources */,
				959DAB16F6B556756F290CD8 /* ShowComicViewController.swift in Sources */,
				12C8A2E0F54FF7BA1FB557DF /* ShowComicModuleInput.swift in Sources */,
				452ADCC2EB8FC00879FA86F1 /* ShowComicPresenter.swift in Sources */,
				01A09E3423FD061600701B69 /* AppDependencies.swift in Sources */,
				217F185E957EC725A529CDCD /* ShowComicInteractorInput.swift in Sources */,
				AF861B15D4AC0CC619E4B653 /* ShowComicInteractorOutput.swift in Sources */,
				1AE93DAB9A508134D72E4265 /* ShowComicInteractor.swift in Sources */,
				5A355E3D40A16C8288A7544D /* ShowComicRouterInput.swift in Sources */,
				1C5084DF04B455194CF85AB2 /* ShowComicRouter.swift in Sources */,
				EC8E052AFDC5943531AE84E3 /* ShowComicConfigurator.swift in Sources */,
				23F3F3E9C7E60186FCD486FC /* ShowComicInitializer.swift in Sources */,
			);
			runOnlyForDeploymentPostprocessing = 0;
		};
		01A9D53923798AA200D61EAA /* Sources */ = {
			isa = PBXSourcesBuildPhase;
			buildActionMask = 2147483647;
			files = (
				26AF338388489A1A6200EC67 /* ShowComicConfiguratorTests.swift in Sources */,
				3BF0A7F1AC4E36D2FD005F72 /* ShowComicViewTests.swift in Sources */,
				A1BE654D759C7E9A827DE0BD /* ShowComicInteractorTests.swift in Sources */,
				BDEA67974411B0D2749A66B9 /* ShowComicPresenterTests.swift in Sources */,
				00B391865972FB1563352F6A /* ShowComicRouterTests.swift in Sources */,
			);
			runOnlyForDeploymentPostprocessing = 0;
		};
		01A9D54423798AA200D61EAA /* Sources */ = {
			isa = PBXSourcesBuildPhase;
			buildActionMask = 2147483647;
			files = (
				01A9D54D23798AA200D61EAA /* ComicRatingUITests.swift in Sources */,
			);
			runOnlyForDeploymentPostprocessing = 0;
		};
/* End PBXSourcesBuildPhase section */

/* Begin PBXTargetDependency section */
		01A9D53F23798AA200D61EAA /* PBXTargetDependency */ = {
			isa = PBXTargetDependency;
			target = 01A9D52323798AA000D61EAA /* ComicRating */;
			targetProxy = 01A9D53E23798AA200D61EAA /* PBXContainerItemProxy */;
		};
		01A9D54A23798AA200D61EAA /* PBXTargetDependency */ = {
			isa = PBXTargetDependency;
			target = 01A9D52323798AA000D61EAA /* ComicRating */;
			targetProxy = 01A9D54923798AA200D61EAA /* PBXContainerItemProxy */;
		};
/* End PBXTargetDependency section */

/* Begin PBXVariantGroup section */
		01A9D53523798AA200D61EAA /* LaunchScreen.storyboard */ = {
			isa = PBXVariantGroup;
			children = (
				01A9D53623798AA200D61EAA /* Base */,
			);
			name = LaunchScreen.storyboard;
			sourceTree = "<group>";
		};
/* End PBXVariantGroup section */

/* Begin XCBuildConfiguration section */
		01A9D54F23798AA200D61EAA /* Debug */ = {
			isa = XCBuildConfiguration;
			buildSettings = {
				ALWAYS_SEARCH_USER_PATHS = NO;
				CLANG_ANALYZER_NONNULL = YES;
				CLANG_ANALYZER_NUMBER_OBJECT_CONVERSION = YES_AGGRESSIVE;
				CLANG_CXX_LANGUAGE_STANDARD = "gnu++14";
				CLANG_CXX_LIBRARY = "libc++";
				CLANG_ENABLE_MODULES = YES;
				CLANG_ENABLE_OBJC_ARC = YES;
				CLANG_ENABLE_OBJC_WEAK = YES;
				CLANG_WARN_BLOCK_CAPTURE_AUTORELEASING = YES;
				CLANG_WARN_BOOL_CONVERSION = YES;
				CLANG_WARN_COMMA = YES;
				CLANG_WARN_CONSTANT_CONVERSION = YES;
				CLANG_WARN_DEPRECATED_OBJC_IMPLEMENTATIONS = YES;
				CLANG_WARN_DIRECT_OBJC_ISA_USAGE = YES_ERROR;
				CLANG_WARN_DOCUMENTATION_COMMENTS = YES;
				CLANG_WARN_EMPTY_BODY = YES;
				CLANG_WARN_ENUM_CONVERSION = YES;
				CLANG_WARN_INFINITE_RECURSION = YES;
				CLANG_WARN_INT_CONVERSION = YES;
				CLANG_WARN_NON_LITERAL_NULL_CONVERSION = YES;
				CLANG_WARN_OBJC_IMPLICIT_RETAIN_SELF = YES;
				CLANG_WARN_OBJC_LITERAL_CONVERSION = YES;
				CLANG_WARN_OBJC_ROOT_CLASS = YES_ERROR;
				CLANG_WARN_RANGE_LOOP_ANALYSIS = YES;
				CLANG_WARN_STRICT_PROTOTYPES = YES;
				CLANG_WARN_SUSPICIOUS_MOVE = YES;
				CLANG_WARN_UNGUARDED_AVAILABILITY = YES_AGGRESSIVE;
				CLANG_WARN_UNREACHABLE_CODE = YES;
				CLANG_WARN__DUPLICATE_METHOD_MATCH = YES;
				COPY_PHASE_STRIP = NO;
				DEBUG_INFORMATION_FORMAT = dwarf;
				ENABLE_STRICT_OBJC_MSGSEND = YES;
				ENABLE_TESTABILITY = YES;
				GCC_C_LANGUAGE_STANDARD = gnu11;
				GCC_DYNAMIC_NO_PIC = NO;
				GCC_NO_COMMON_BLOCKS = YES;
				GCC_OPTIMIZATION_LEVEL = 0;
				GCC_PREPROCESSOR_DEFINITIONS = (
					"DEBUG=1",
					"$(inherited)",
				);
				GCC_WARN_64_TO_32_BIT_CONVERSION = YES;
				GCC_WARN_ABOUT_RETURN_TYPE = YES_ERROR;
				GCC_WARN_UNDECLARED_SELECTOR = YES;
				GCC_WARN_UNINITIALIZED_AUTOS = YES_AGGRESSIVE;
				GCC_WARN_UNUSED_FUNCTION = YES;
				GCC_WARN_UNUSED_VARIABLE = YES;
				IPHONEOS_DEPLOYMENT_TARGET = 13.2;
				MTL_ENABLE_DEBUG_INFO = INCLUDE_SOURCE;
				MTL_FAST_MATH = YES;
				ONLY_ACTIVE_ARCH = YES;
				SDKROOT = iphoneos;
				SWIFT_ACTIVE_COMPILATION_CONDITIONS = DEBUG;
				SWIFT_OPTIMIZATION_LEVEL = "-Onone";
			};
			name = Debug;
		};
		01A9D55023798AA200D61EAA /* Release */ = {
			isa = XCBuildConfiguration;
			buildSettings = {
				ALWAYS_SEARCH_USER_PATHS = NO;
				CLANG_ANALYZER_NONNULL = YES;
				CLANG_ANALYZER_NUMBER_OBJECT_CONVERSION = YES_AGGRESSIVE;
				CLANG_CXX_LANGUAGE_STANDARD = "gnu++14";
				CLANG_CXX_LIBRARY = "libc++";
				CLANG_ENABLE_MODULES = YES;
				CLANG_ENABLE_OBJC_ARC = YES;
				CLANG_ENABLE_OBJC_WEAK = YES;
				CLANG_WARN_BLOCK_CAPTURE_AUTORELEASING = YES;
				CLANG_WARN_BOOL_CONVERSION = YES;
				CLANG_WARN_COMMA = YES;
				CLANG_WARN_CONSTANT_CONVERSION = YES;
				CLANG_WARN_DEPRECATED_OBJC_IMPLEMENTATIONS = YES;
				CLANG_WARN_DIRECT_OBJC_ISA_USAGE = YES_ERROR;
				CLANG_WARN_DOCUMENTATION_COMMENTS = YES;
				CLANG_WARN_EMPTY_BODY = YES;
				CLANG_WARN_ENUM_CONVERSION = YES;
				CLANG_WARN_INFINITE_RECURSION = YES;
				CLANG_WARN_INT_CONVERSION = YES;
				CLANG_WARN_NON_LITERAL_NULL_CONVERSION = YES;
				CLANG_WARN_OBJC_IMPLICIT_RETAIN_SELF = YES;
				CLANG_WARN_OBJC_LITERAL_CONVERSION = YES;
				CLANG_WARN_OBJC_ROOT_CLASS = YES_ERROR;
				CLANG_WARN_RANGE_LOOP_ANALYSIS = YES;
				CLANG_WARN_STRICT_PROTOTYPES = YES;
				CLANG_WARN_SUSPICIOUS_MOVE = YES;
				CLANG_WARN_UNGUARDED_AVAILABILITY = YES_AGGRESSIVE;
				CLANG_WARN_UNREACHABLE_CODE = YES;
				CLANG_WARN__DUPLICATE_METHOD_MATCH = YES;
				COPY_PHASE_STRIP = NO;
				DEBUG_INFORMATION_FORMAT = "dwarf-with-dsym";
				ENABLE_NS_ASSERTIONS = NO;
				ENABLE_STRICT_OBJC_MSGSEND = YES;
				GCC_C_LANGUAGE_STANDARD = gnu11;
				GCC_NO_COMMON_BLOCKS = YES;
				GCC_WARN_64_TO_32_BIT_CONVERSION = YES;
				GCC_WARN_ABOUT_RETURN_TYPE = YES_ERROR;
				GCC_WARN_UNDECLARED_SELECTOR = YES;
				GCC_WARN_UNINITIALIZED_AUTOS = YES_AGGRESSIVE;
				GCC_WARN_UNUSED_FUNCTION = YES;
				GCC_WARN_UNUSED_VARIABLE = YES;
				IPHONEOS_DEPLOYMENT_TARGET = 13.2;
				MTL_ENABLE_DEBUG_INFO = NO;
				MTL_FAST_MATH = YES;
				SDKROOT = iphoneos;
				SWIFT_COMPILATION_MODE = wholemodule;
				SWIFT_OPTIMIZATION_LEVEL = "-O";
				VALIDATE_PRODUCT = YES;
			};
			name = Release;
		};
		01A9D55223798AA200D61EAA /* Debug */ = {
			isa = XCBuildConfiguration;
			buildSettings = {
				ASSETCATALOG_COMPILER_APPICON_NAME = AppIcon;
				CODE_SIGN_STYLE = Automatic;
				DEVELOPMENT_ASSET_PATHS = "\"ComicRating/Preview Content\"";
				ENABLE_PREVIEWS = YES;
				INFOPLIST_FILE = ComicRating/Info.plist;
				LD_RUNPATH_SEARCH_PATHS = (
					"$(inherited)",
					"@executable_path/Frameworks",
				);
				PRODUCT_BUNDLE_IDENTIFIER = pineda.adriana.ComicRating;
				PRODUCT_NAME = "$(TARGET_NAME)";
				SWIFT_VERSION = 5.0;
				TARGETED_DEVICE_FAMILY = "1,2";
			};
			name = Debug;
		};
		01A9D55323798AA200D61EAA /* Release */ = {
			isa = XCBuildConfiguration;
			buildSettings = {
				ASSETCATALOG_COMPILER_APPICON_NAME = AppIcon;
				CODE_SIGN_STYLE = Automatic;
				DEVELOPMENT_ASSET_PATHS = "\"ComicRating/Preview Content\"";
				ENABLE_PREVIEWS = YES;
				INFOPLIST_FILE = ComicRating/Info.plist;
				LD_RUNPATH_SEARCH_PATHS = (
					"$(inherited)",
					"@executable_path/Frameworks",
				);
				PRODUCT_BUNDLE_IDENTIFIER = pineda.adriana.ComicRating;
				PRODUCT_NAME = "$(TARGET_NAME)";
				SWIFT_VERSION = 5.0;
				TARGETED_DEVICE_FAMILY = "1,2";
			};
			name = Release;
		};
		01A9D55523798AA200D61EAA /* Debug */ = {
			isa = XCBuildConfiguration;
			buildSettings = {
				ALWAYS_EMBED_SWIFT_STANDARD_LIBRARIES = YES;
				BUNDLE_LOADER = "$(TEST_HOST)";
				CODE_SIGN_STYLE = Automatic;
				INFOPLIST_FILE = ComicRatingTests/Info.plist;
				IPHONEOS_DEPLOYMENT_TARGET = 13.2;
				LD_RUNPATH_SEARCH_PATHS = (
					"$(inherited)",
					"@executable_path/Frameworks",
					"@loader_path/Frameworks",
				);
				PRODUCT_BUNDLE_IDENTIFIER = pineda.adriana.ComicRatingTests;
				PRODUCT_NAME = "$(TARGET_NAME)";
				SWIFT_VERSION = 5.0;
				TARGETED_DEVICE_FAMILY = "1,2";
				TEST_HOST = "$(BUILT_PRODUCTS_DIR)/ComicRating.app/ComicRating";
			};
			name = Debug;
		};
		01A9D55623798AA200D61EAA /* Release */ = {
			isa = XCBuildConfiguration;
			buildSettings = {
				ALWAYS_EMBED_SWIFT_STANDARD_LIBRARIES = YES;
				BUNDLE_LOADER = "$(TEST_HOST)";
				CODE_SIGN_STYLE = Automatic;
				INFOPLIST_FILE = ComicRatingTests/Info.plist;
				IPHONEOS_DEPLOYMENT_TARGET = 13.2;
				LD_RUNPATH_SEARCH_PATHS = (
					"$(inherited)",
					"@executable_path/Frameworks",
					"@loader_path/Frameworks",
				);
				PRODUCT_BUNDLE_IDENTIFIER = pineda.adriana.ComicRatingTests;
				PRODUCT_NAME = "$(TARGET_NAME)";
				SWIFT_VERSION = 5.0;
				TARGETED_DEVICE_FAMILY = "1,2";
				TEST_HOST = "$(BUILT_PRODUCTS_DIR)/ComicRating.app/ComicRating";
			};
			name = Release;
		};
		01A9D55823798AA200D61EAA /* Debug */ = {
			isa = XCBuildConfiguration;
			buildSettings = {
				ALWAYS_EMBED_SWIFT_STANDARD_LIBRARIES = YES;
				CODE_SIGN_STYLE = Automatic;
				INFOPLIST_FILE = ComicRatingUITests/Info.plist;
				LD_RUNPATH_SEARCH_PATHS = (
					"$(inherited)",
					"@executable_path/Frameworks",
					"@loader_path/Frameworks",
				);
				PRODUCT_BUNDLE_IDENTIFIER = pineda.adriana.ComicRatingUITests;
				PRODUCT_NAME = "$(TARGET_NAME)";
				SWIFT_VERSION = 5.0;
				TARGETED_DEVICE_FAMILY = "1,2";
				TEST_TARGET_NAME = ComicRating;
			};
			name = Debug;
		};
		01A9D55923798AA200D61EAA /* Release */ = {
			isa = XCBuildConfiguration;
			buildSettings = {
				ALWAYS_EMBED_SWIFT_STANDARD_LIBRARIES = YES;
				CODE_SIGN_STYLE = Automatic;
				INFOPLIST_FILE = ComicRatingUITests/Info.plist;
				LD_RUNPATH_SEARCH_PATHS = (
					"$(inherited)",
					"@executable_path/Frameworks",
					"@loader_path/Frameworks",
				);
				PRODUCT_BUNDLE_IDENTIFIER = pineda.adriana.ComicRatingUITests;
				PRODUCT_NAME = "$(TARGET_NAME)";
				SWIFT_VERSION = 5.0;
				TARGETED_DEVICE_FAMILY = "1,2";
				TEST_TARGET_NAME = ComicRating;
			};
			name = Release;
		};
/* End XCBuildConfiguration section */

/* Begin XCConfigurationList section */
		01A9D51F23798AA000D61EAA /* Build configuration list for PBXProject "ComicRating" */ = {
			isa = XCConfigurationList;
			buildConfigurations = (
				01A9D54F23798AA200D61EAA /* Debug */,
				01A9D55023798AA200D61EAA /* Release */,
			);
			defaultConfigurationIsVisible = 0;
			defaultConfigurationName = Release;
		};
		01A9D55123798AA200D61EAA /* Build configuration list for PBXNativeTarget "ComicRating" */ = {
			isa = XCConfigurationList;
			buildConfigurations = (
				01A9D55223798AA200D61EAA /* Debug */,
				01A9D55323798AA200D61EAA /* Release */,
			);
			defaultConfigurationIsVisible = 0;
			defaultConfigurationName = Release;
		};
		01A9D55423798AA200D61EAA /* Build configuration list for PBXNativeTarget "ComicRatingTests" */ = {
			isa = XCConfigurationList;
			buildConfigurations = (
				01A9D55523798AA200D61EAA /* Debug */,
				01A9D55623798AA200D61EAA /* Release */,
			);
			defaultConfigurationIsVisible = 0;
			defaultConfigurationName = Release;
		};
		01A9D55723798AA200D61EAA /* Build configuration list for PBXNativeTarget "ComicRatingUITests" */ = {
			isa = XCConfigurationList;
			buildConfigurations = (
				01A9D55823798AA200D61EAA /* Debug */,
				01A9D55923798AA200D61EAA /* Release */,
			);
			defaultConfigurationIsVisible = 0;
			defaultConfigurationName = Release;
		};
/* End XCConfigurationList section */

/* Begin XCVersionGroup section */
		01A9D52B23798AA000D61EAA /* ComicRating.xcdatamodeld */ = {
			isa = XCVersionGroup;
			children = (
				01A9D52C23798AA000D61EAA /* ComicRating.xcdatamodel */,
			);
			currentVersion = 01A9D52C23798AA000D61EAA /* ComicRating.xcdatamodel */;
			path = ComicRating.xcdatamodeld;
			sourceTree = "<group>";
			versionGroupType = wrapper.xcdatamodel;
		};
/* End XCVersionGroup section */
	};
	rootObject = 01A9D51C23798AA000D61EAA /* Project object */;
}
